
Microsoft Visual Studio Solution File, Format Version 12.00
# Visual Studio Version 17
VisualStudioVersion = 17.5.002.0
MinimumVisualStudioVersion = 10.0.40219.1
Project("{9A19103F-16F7-4668-BE54-9A1E7A4F7556}") = "Curso_net", "Curso_net.csproj", "{D6E155ED-020C-4311-81A6-071E0EDBB412}"
EndProject
Global
	GlobalSection(SolutionConfigurationPlatforms) = preSolution
		Debug|Any CPU = Debug|Any CPU
		Release|Any CPU = Release|Any CPU
	EndGlobalSection
	GlobalSection(ProjectConfigurationPlatforms) = postSolution
		{D6E155ED-020C-4311-81A6-071E0EDBB412}.Debug|Any CPU.ActiveCfg = Debug|Any CPU
		{D6E155ED-020C-4311-81A6-071E0EDBB412}.Debug|Any CPU.Build.0 = Debug|Any CPU
		{D6E155ED-020C-4311-81A6-071E0EDBB412}.Release|Any CPU.ActiveCfg = Release|Any CPU
		{D6E155ED-020C-4311-81A6-071E0EDBB412}.Release|Any CPU.Build.0 = Release|Any CPU
	EndGlobalSection
	GlobalSection(SolutionProperties) = preSolution
		HideSolutionNode = FALSE
	EndGlobalSection
	GlobalSection(ExtensibilityGlobals) = postSolution
		SolutionGuid = {BE1C60BB-41B2-402C-B973-71A9B73D8FB0}
	EndGlobalSection
EndGlobal
